
Microsoft Visual Studio Solution File, Format Version 12.00
# Visual Studio 15
VisualStudioVersion = 15.0.28010.0
MinimumVisualStudioVersion = 10.0.40219.1
Project("{FAE04EC0-301F-11D3-BF4B-00C04F79EFBC}") = "xViewer", "xViewer\xViewer.csproj", "{DEE60D57-5C6D-43B5-B922-DF4217EA0744}"
EndProject
Global
	GlobalSection(SolutionConfigurationPlatforms) = preSolution
		Debug|Any CPU = Debug|Any CPU
		Release|Any CPU = Release|Any CPU
	EndGlobalSection
	GlobalSection(ProjectConfigurationPlatforms) = postSolution
		{DEE60D57-5C6D-43B5-B922-DF4217EA0744}.Debug|Any CPU.ActiveCfg = Debug|Any CPU
		{DEE60D57-5C6D-43B5-B922-DF4217EA0744}.Debug|Any CPU.Build.0 = Debug|Any CPU
		{DEE60D57-5C6D-43B5-B922-DF4217EA0744}.Release|Any CPU.ActiveCfg = Release|Any CPU
		{DEE60D57-5C6D-43B5-B922-DF4217EA0744}.Release|Any CPU.Build.0 = Release|Any CPU
	EndGlobalSection
	GlobalSection(SolutionProperties) = preSolution
		HideSolutionNode = FALSE
	EndGlobalSection
	GlobalSection(ExtensibilityGlobals) = postSolution
		SolutionGuid = {4761033A-94B6-4C37-8FE5-06E53012485C}
	EndGlobalSection
EndGlobal
